
Microsoft Visual Studio Solution File, Format Version 12.00
# Visual Studio Version 16
VisualStudioVersion = 16.0.30717.126
MinimumVisualStudioVersion = 10.0.40219.1
Project("{FAE04EC0-301F-11D3-BF4B-00C04F79EFBC}") = "IotNameGenerator", "IotNameGenerator.csproj", "{489A2346-FEC1-4FD4-9029-79A4A39DB709}"
EndProject
Global
	GlobalSection(SolutionConfigurationPlatforms) = preSolution
		Debug|Any CPU = Debug|Any CPU
		Release|Any CPU = Release|Any CPU
	EndGlobalSection
	GlobalSection(ProjectConfigurationPlatforms) = postSolution
		{489A2346-FEC1-4FD4-9029-79A4A39DB709}.Debug|Any CPU.ActiveCfg = Debug|Any CPU
		{489A2346-FEC1-4FD4-9029-79A4A39DB709}.Debug|Any CPU.Build.0 = Debug|Any CPU
		{489A2346-FEC1-4FD4-9029-79A4A39DB709}.Release|Any CPU.ActiveCfg = Release|Any CPU
		{489A2346-FEC1-4FD4-9029-79A4A39DB709}.Release|Any CPU.Build.0 = Release|Any CPU
	EndGlobalSection
	GlobalSection(SolutionProperties) = preSolution
		HideSolutionNode = FALSE
	EndGlobalSection
	GlobalSection(ExtensibilityGlobals) = postSolution
		SolutionGuid = {70C3F2F6-941D-46B3-A162-8ADAE4B272CD}
	EndGlobalSection
EndGlobal
